// !$*UTF8*$!
{
	archiveVersion = 1;
	classes = {
	};
	objectVersion = 50;
	objects = {

/* Begin PBXBuildFile section */
		281ACABD20E962740006B59B /* CSASHelperConnection.m in Sources */ = {isa = PBXBuildFile; fileRef = 281ACABA20E960A50006B59B /* CSASHelperConnection.m */; };
		281ACABE20E9672B0006B59B /* CSASHelperConnection.h in Headers */ = {isa = PBXBuildFile; fileRef = 281ACAB920E960A50006B59B /* CSASHelperConnection.h */; };
		281ACACF20E967D70006B59B /* CSASHelperConnection.h in CopyFiles */ = {isa = PBXBuildFile; fileRef = 281ACAB920E960A50006B59B /* CSASHelperConnection.h */; };
		2835DB8F20E13DDA0006B59B /* HelperClient.swift in Sources */ = {isa = PBXBuildFile; fileRef = 2835DB5220E13CFB0006B59B /* HelperClient.swift */; };
		2835DB9120E13DF60006B59B /* CSASHelperTool.m in Sources */ = {isa = PBXBuildFile; fileRef = 2835DB9020E13DF60006B59B /* CSASHelperTool.m */; };
		2835DB9520E13E350006B59B /* CSASCommon.h in Headers */ = {isa = PBXBuildFile; fileRef = 2835DB9320E13E350006B59B /* CSASCommon.h */; };
		2835DB9620E13E350006B59B /* CSASCommon.m in Sources */ = {isa = PBXBuildFile; fileRef = 2835DB9420E13E350006B59B /* CSASCommon.m */; };
		2835DB9720E13E380006B59B /* CSASCommon.m in Sources */ = {isa = PBXBuildFile; fileRef = 2835DB9420E13E350006B59B /* CSASCommon.m */; };
		2835DBC920E169C00006B59B /* CSASHelperTool.h in CopyFiles */ = {isa = PBXBuildFile; fileRef = 2835DB9220E13E250006B59B /* CSASHelperTool.h */; };
		2835DBCA20E169C00006B59B /* CSASCommon.h in CopyFiles */ = {isa = PBXBuildFile; fileRef = 2835DB9320E13E350006B59B /* CSASCommon.h */; };
		287DBE80214AF5370006B59B /* SandboxWorkaround.swift in Sources */ = {isa = PBXBuildFile; fileRef = 287DBE7E214AF0CE0006B59B /* SandboxWorkaround.swift */; };
		28E085F6244CC842008BD2DC /* CSASHelperConnectionWrapper.m in Sources */ = {isa = PBXBuildFile; fileRef = 28E085F4244CC842008BD2DC /* CSASHelperConnectionWrapper.m */; };
		28E085F7244CC842008BD2DC /* CSASHelperConnectionWrapper.h in Headers */ = {isa = PBXBuildFile; fileRef = 28E085F5244CC842008BD2DC /* CSASHelperConnectionWrapper.h */; };
/* End PBXBuildFile section */

/* Begin PBXContainerItemProxy section */
		28C77306214DAEFB0006B59B /* PBXContainerItemProxy */ = {
			isa = PBXContainerItemProxy;
			containerPortal = 29B97313FDCFA39411CA2CEA /* Project object */;
			proxyType = 1;
			remoteGlobalIDString = 2835DB8520E13DD30006B59B;
			remoteInfo = "Helper Library";
		};
/* End PBXContainerItemProxy section */

/* Begin PBXCopyFilesBuildPhase section */
		2835DBC820E169AC0006B59B /* CopyFiles */ = {
			isa = PBXCopyFilesBuildPhase;
			buildActionMask = 2147483647;
			dstPath = "include/$(PRODUCT_NAME)";
			dstSubfolderSpec = 16;
			files = (
				281ACACF20E967D70006B59B /* CSASHelperConnection.h in CopyFiles */,
				2835DBC920E169C00006B59B /* CSASHelperTool.h in CopyFiles */,
				2835DBCA20E169C00006B59B /* CSASCommon.h in CopyFiles */,
			);
			runOnlyForDeploymentPostprocessing = 0;
		};
/* End PBXCopyFilesBuildPhase section */

/* Begin PBXFileReference section */
		1058C7A1FEA54F0111CA2CBB /* Cocoa.framework */ = {isa = PBXFileReference; lastKnownFileType = wrapper.framework; name = Cocoa.framework; path = /System/Library/Frameworks/Cocoa.framework; sourceTree = "<absolute>"; };
		13E42FB307B3F0F600E4EEF1 /* CoreData.framework */ = {isa = PBXFileReference; lastKnownFileType = wrapper.framework; name = CoreData.framework; path = /System/Library/Frameworks/CoreData.framework; sourceTree = "<absolute>"; };
		2805E9EF243A48D8008BD2DC /* module.modulemap */ = {isa = PBXFileReference; lastKnownFileType = "sourcecode.module-map"; path = module.modulemap; sourceTree = "<group>"; };
		2805E9F1243A4F11008BD2DC /* Package.swift */ = {isa = PBXFileReference; lastKnownFileType = sourcecode.swift; path = Package.swift; sourceTree = "<group>"; };
		281ACAB920E960A50006B59B /* CSASHelperConnection.h */ = {isa = PBXFileReference; lastKnownFileType = sourcecode.c.h; path = CSASHelperConnection.h; sourceTree = "<group>"; };
		281ACABA20E960A50006B59B /* CSASHelperConnection.m */ = {isa = PBXFileReference; lastKnownFileType = sourcecode.c.objc; path = CSASHelperConnection.m; sourceTree = "<group>"; };
		2835DB5220E13CFB0006B59B /* HelperClient.swift */ = {isa = PBXFileReference; lastKnownFileType = sourcecode.swift; path = HelperClient.swift; sourceTree = "<group>"; };
		2835DB5820E13D720006B59B /* libCSAuthSampleApp.a */ = {isa = PBXFileReference; explicitFileType = archive.ar; includeInIndex = 0; path = libCSAuthSampleApp.a; sourceTree = BUILT_PRODUCTS_DIR; };
		2835DB8620E13DD30006B59B /* libCSAuthSampleHelper.a */ = {isa = PBXFileReference; explicitFileType = archive.ar; includeInIndex = 0; path = libCSAuthSampleHelper.a; sourceTree = BUILT_PRODUCTS_DIR; };
		2835DB9020E13DF60006B59B /* CSASHelperTool.m */ = {isa = PBXFileReference; lastKnownFileType = sourcecode.c.objc; path = CSASHelperTool.m; sourceTree = "<group>"; };
		2835DB9220E13E250006B59B /* CSASHelperTool.h */ = {isa = PBXFileReference; lastKnownFileType = sourcecode.c.h; path = CSASHelperTool.h; sourceTree = "<group>"; };
		2835DB9320E13E350006B59B /* CSASCommon.h */ = {isa = PBXFileReference; lastKnownFileType = sourcecode.c.h; path = CSASCommon.h; sourceTree = "<group>"; };
		2835DB9420E13E350006B59B /* CSASCommon.m */ = {isa = PBXFileReference; lastKnownFileType = sourcecode.c.objc; path = CSASCommon.m; sourceTree = "<group>"; };
		2835DBC420E165A70006B59B /* module.modulemap */ = {isa = PBXFileReference; lastKnownFileType = "sourcecode.module-map"; path = module.modulemap; sourceTree = "<group>"; };
		287DBE7E214AF0CE0006B59B /* SandboxWorkaround.swift */ = {isa = PBXFileReference; lastKnownFileType = sourcecode.swift; path = SandboxWorkaround.swift; sourceTree = "<group>"; };
		289E508420F50B6F0006B59B /* CSASHelperToolInternal.h */ = {isa = PBXFileReference; lastKnownFileType = sourcecode.c.h; path = CSASHelperToolInternal.h; sourceTree = "<group>"; };
		28A6F66B16918ECD006F0A93 /* CoreFoundation.framework */ = {isa = PBXFileReference; lastKnownFileType = wrapper.framework; name = CoreFoundation.framework; path = ../../../../System/Library/Frameworks/CoreFoundation.framework; sourceTree = "<group>"; };
		28C7733F214DB4CE0006B59B /* README.md */ = {isa = PBXFileReference; lastKnownFileType = net.daringfireball.markdown; path = README.md; sourceTree = "<group>"; };
		28E085F4244CC842008BD2DC /* CSASHelperConnectionWrapper.m */ = {isa = PBXFileReference; fileEncoding = 4; lastKnownFileType = sourcecode.c.objc; path = CSASHelperConnectionWrapper.m; sourceTree = "<group>"; };
		28E085F5244CC842008BD2DC /* CSASHelperConnectionWrapper.h */ = {isa = PBXFileReference; fileEncoding = 4; lastKnownFileType = sourcecode.c.h; path = CSASHelperConnectionWrapper.h; sourceTree = "<group>"; };
		28E085F8244CD5EB008BD2DC /* CSASHelperConnectionInternal.h */ = {isa = PBXFileReference; lastKnownFileType = sourcecode.c.h; path = CSASHelperConnectionInternal.h; sourceTree = "<group>"; };
		28F16E4C25FEEB1C00370D24 /* .swift-format */ = {isa = PBXFileReference; lastKnownFileType = text; path = ".swift-format"; sourceTree = "<group>"; };
		29B97324FDCFA39411CA2CEA /* AppKit.framework */ = {isa = PBXFileReference; lastKnownFileType = wrapper.framework; name = AppKit.framework; path = /System/Library/Frameworks/AppKit.framework; sourceTree = "<absolute>"; };
		29B97325FDCFA39411CA2CEA /* Foundation.framework */ = {isa = PBXFileReference; lastKnownFileType = wrapper.framework; name = Foundation.framework; path = /System/Library/Frameworks/Foundation.framework; sourceTree = "<absolute>"; };
		4BE4906310445F2F006BE471 /* Security.framework */ = {isa = PBXFileReference; lastKnownFileType = wrapper.framework; name = Security.framework; path = System/Library/Frameworks/Security.framework; sourceTree = SDKROOT; };
		4BE4906710445F36006BE471 /* ServiceManagement.framework */ = {isa = PBXFileReference; lastKnownFileType = wrapper.framework; name = ServiceManagement.framework; path = System/Library/Frameworks/ServiceManagement.framework; sourceTree = SDKROOT; };
/* End PBXFileReference section */

/* Begin PBXFrameworksBuildPhase section */
		2835DB5620E13D720006B59B /* Frameworks */ = {
			isa = PBXFrameworksBuildPhase;
			buildActionMask = 2147483647;
			files = (
			);
			runOnlyForDeploymentPostprocessing = 0;
		};
		2835DB8420E13DD30006B59B /* Frameworks */ = {
			isa = PBXFrameworksBuildPhase;
			buildActionMask = 2147483647;
			files = (
			);
			runOnlyForDeploymentPostprocessing = 0;
		};
/* End PBXFrameworksBuildPhase section */

/* Begin PBXGroup section */
		1058C7A0FEA54F0111CA2CBB /* Linked Frameworks */ = {
			isa = PBXGroup;
			children = (
				1058C7A1FEA54F0111CA2CBB /* Cocoa.framework */,
				28A6F66B16918ECD006F0A93 /* CoreFoundation.framework */,
				4BE4906310445F2F006BE471 /* Security.framework */,
				4BE4906710445F36006BE471 /* ServiceManagement.framework */,
			);
			name = "Linked Frameworks";
			sourceTree = "<group>";
		};
		1058C7A2FEA54F0111CA2CBB /* Other Frameworks */ = {
			isa = PBXGroup;
			children = (
				29B97324FDCFA39411CA2CEA /* AppKit.framework */,
				13E42FB307B3F0F600E4EEF1 /* CoreData.framework */,
				29B97325FDCFA39411CA2CEA /* Foundation.framework */,
			);
			name = "Other Frameworks";
			sourceTree = "<group>";
		};
		19C28FACFE9D520D11CA2CBB /* Products */ = {
			isa = PBXGroup;
			children = (
				2835DB5820E13D720006B59B /* libCSAuthSampleApp.a */,
				2835DB8620E13DD30006B59B /* libCSAuthSampleHelper.a */,
			);
			name = Products;
			sourceTree = "<group>";
		};
		2805E9EB243A4829008BD2DC /* Sources */ = {
			isa = PBXGroup;
			children = (
				2805E9EC243A4831008BD2DC /* CSAuthSampleApp */,
				2805E9ED243A483D008BD2DC /* CSAuthSampleHelper */,
				2805E9EE243A4852008BD2DC /* CSAuthSampleCommon */,
			);
			path = Sources;
			sourceTree = "<group>";
		};
		2805E9EC243A4831008BD2DC /* CSAuthSampleApp */ = {
			isa = PBXGroup;
			children = (
				2835DB5220E13CFB0006B59B /* HelperClient.swift */,
				287DBE7E214AF0CE0006B59B /* SandboxWorkaround.swift */,
			);
			path = CSAuthSampleApp;
			sourceTree = "<group>";
		};
		2805E9ED243A483D008BD2DC /* CSAuthSampleHelper */ = {
			isa = PBXGroup;
			children = (
				2805E9F2243A5061008BD2DC /* include */,
				289E508420F50B6F0006B59B /* CSASHelperToolInternal.h */,
				2835DB9020E13DF60006B59B /* CSASHelperTool.m */,
				28E085F8244CD5EB008BD2DC /* CSASHelperConnectionInternal.h */,
				281ACABA20E960A50006B59B /* CSASHelperConnection.m */,
				28E085F5244CC842008BD2DC /* CSASHelperConnectionWrapper.h */,
				28E085F4244CC842008BD2DC /* CSASHelperConnectionWrapper.m */,
			);
			path = CSAuthSampleHelper;
			sourceTree = "<group>";
		};
		2805E9EE243A4852008BD2DC /* CSAuthSampleCommon */ = {
			isa = PBXGroup;
			children = (
				2805E9F3243A5085008BD2DC /* include */,
				2835DB9420E13E350006B59B /* CSASCommon.m */,
			);
			path = CSAuthSampleCommon;
			sourceTree = "<group>";
		};
		2805E9F2243A5061008BD2DC /* include */ = {
			isa = PBXGroup;
			children = (
				2835DBC420E165A70006B59B /* module.modulemap */,
				2835DB9220E13E250006B59B /* CSASHelperTool.h */,
				281ACAB920E960A50006B59B /* CSASHelperConnection.h */,
			);
			path = include;
			sourceTree = "<group>";
		};
		2805E9F3243A5085008BD2DC /* include */ = {
			isa = PBXGroup;
			children = (
				2805E9EF243A48D8008BD2DC /* module.modulemap */,
				2835DB9320E13E350006B59B /* CSASCommon.h */,
			);
			path = include;
			sourceTree = "<group>";
		};
		29B97314FDCFA39411CA2CEA /* SMJobBless */ = {
			isa = PBXGroup;
			children = (
				28C7733F214DB4CE0006B59B /* README.md */,
				2805E9F1243A4F11008BD2DC /* Package.swift */,
				28F16E4C25FEEB1C00370D24 /* .swift-format */,
				2805E9EB243A4829008BD2DC /* Sources */,
				29B97323FDCFA39411CA2CEA /* Frameworks */,
				19C28FACFE9D520D11CA2CBB /* Products */,
			);
			name = SMJobBless;
			sourceTree = "<group>";
		};
		29B97323FDCFA39411CA2CEA /* Frameworks */ = {
			isa = PBXGroup;
			children = (
				1058C7A0FEA54F0111CA2CBB /* Linked Frameworks */,
				1058C7A2FEA54F0111CA2CBB /* Other Frameworks */,
			);
			name = Frameworks;
			sourceTree = "<group>";
		};
/* End PBXGroup section */

/* Begin PBXHeadersBuildPhase section */
		2835DB5420E13D720006B59B /* Headers */ = {
			isa = PBXHeadersBuildPhase;
			buildActionMask = 2147483647;
			files = (
			);
			runOnlyForDeploymentPostprocessing = 0;
		};
		2835DB8220E13DD30006B59B /* Headers */ = {
			isa = PBXHeadersBuildPhase;
			buildActionMask = 2147483647;
			files = (
				281ACABE20E9672B0006B59B /* CSASHelperConnection.h in Headers */,
				28E085F7244CC842008BD2DC /* CSASHelperConnectionWrapper.h in Headers */,
				2835DB9520E13E350006B59B /* CSASCommon.h in Headers */,
			);
			runOnlyForDeploymentPostprocessing = 0;
		};
/* End PBXHeadersBuildPhase section */

/* Begin PBXNativeTarget section */
		2835DB5720E13D720006B59B /* App Library */ = {
			isa = PBXNativeTarget;
			buildConfigurationList = 2835DB5E20E13D720006B59B /* Build configuration list for PBXNativeTarget "App Library" */;
			buildPhases = (
				2835DB5420E13D720006B59B /* Headers */,
				2835DB5520E13D720006B59B /* Sources */,
				2835DB5620E13D720006B59B /* Frameworks */,
			);
			buildRules = (
			);
			dependencies = (
				28C77307214DAEFB0006B59B /* PBXTargetDependency */,
			);
			name = "App Library";
			productName = "App Library (ObjC Helper)";
			productReference = 2835DB5820E13D720006B59B /* libCSAuthSampleApp.a */;
			productType = "com.apple.product-type.library.static";
		};
		2835DB8520E13DD30006B59B /* Helper Library */ = {
			isa = PBXNativeTarget;
			buildConfigurationList = 2835DB8C20E13DD30006B59B /* Build configuration list for PBXNativeTarget "Helper Library" */;
			buildPhases = (
				2835DB8220E13DD30006B59B /* Headers */,
				2835DBC820E169AC0006B59B /* CopyFiles */,
				2835DB8320E13DD30006B59B /* Sources */,
				2835DB8420E13DD30006B59B /* Frameworks */,
			);
			buildRules = (
			);
			dependencies = (
			);
			name = "Helper Library";
			productName = "ObjC Helper Library";
			productReference = 2835DB8620E13DD30006B59B /* libCSAuthSampleHelper.a */;
			productType = "com.apple.product-type.library.static";
		};
/* End PBXNativeTarget section */

/* Begin PBXProject section */
		29B97313FDCFA39411CA2CEA /* Project object */ = {
			isa = PBXProject;
			attributes = {
				LastUpgradeCheck = 1400;
				TargetAttributes = {
					2835DB5720E13D720006B59B = {
						CreatedOnToolsVersion = 10.0;
						LastSwiftMigration = 1020;
					};
					2835DB8520E13DD30006B59B = {
						CreatedOnToolsVersion = 10.0;
					};
				};
			};
			buildConfigurationList = C01FCF4E08A954540054247B /* Build configuration list for PBXProject "CSAuthSample" */;
			compatibilityVersion = "Xcode 9.3";
			developmentRegion = en;
			hasScannedForEncodings = 1;
			knownRegions = (
				en,
				Base,
			);
			mainGroup = 29B97314FDCFA39411CA2CEA /* SMJobBless */;
			packageReferences = (
			);
			projectDirPath = "";
			projectRoot = "";
			targets = (
				2835DB5720E13D720006B59B /* App Library */,
				2835DB8520E13DD30006B59B /* Helper Library */,
			);
		};
/* End PBXProject section */

/* Begin PBXSourcesBuildPhase section */
		2835DB5520E13D720006B59B /* Sources */ = {
			isa = PBXSourcesBuildPhase;
			buildActionMask = 2147483647;
			files = (
				2835DB9720E13E380006B59B /* CSASCommon.m in Sources */,
				287DBE80214AF5370006B59B /* SandboxWorkaround.swift in Sources */,
				2835DB8F20E13DDA0006B59B /* HelperClient.swift in Sources */,
			);
			runOnlyForDeploymentPostprocessing = 0;
		};
		2835DB8320E13DD30006B59B /* Sources */ = {
			isa = PBXSourcesBuildPhase;
			buildActionMask = 2147483647;
			files = (
				281ACABD20E962740006B59B /* CSASHelperConnection.m in Sources */,
				2835DB9620E13E350006B59B /* CSASCommon.m in Sources */,
				2835DB9120E13DF60006B59B /* CSASHelperTool.m in Sources */,
				28E085F6244CC842008BD2DC /* CSASHelperConnectionWrapper.m in Sources */,
			);
			runOnlyForDeploymentPostprocessing = 0;
		};
/* End PBXSourcesBuildPhase section */

/* Begin PBXTargetDependency section */
		28C77307214DAEFB0006B59B /* PBXTargetDependency */ = {
			isa = PBXTargetDependency;
			target = 2835DB8520E13DD30006B59B /* Helper Library */;
			targetProxy = 28C77306214DAEFB0006B59B /* PBXContainerItemProxy */;
		};
/* End PBXTargetDependency section */

/* Begin XCBuildConfiguration section */
		2835DB5F20E13D720006B59B /* Debug */ = {
			isa = XCBuildConfiguration;
			buildSettings = {
				ALWAYS_SEARCH_USER_PATHS = NO;
				CLANG_ANALYZER_NONNULL = YES;
				CLANG_ANALYZER_NUMBER_OBJECT_CONVERSION = YES_AGGRESSIVE;
				CLANG_CXX_LANGUAGE_STANDARD = "gnu++14";
				CLANG_CXX_LIBRARY = "libc++";
				CLANG_ENABLE_MODULES = YES;
				CLANG_ENABLE_OBJC_ARC = YES;
				CLANG_ENABLE_OBJC_WEAK = YES;
				CLANG_WARN_DIRECT_OBJC_ISA_USAGE = YES_ERROR;
				CLANG_WARN_DOCUMENTATION_COMMENTS = YES;
				CLANG_WARN_OBJC_ROOT_CLASS = YES_ERROR;
				CLANG_WARN_UNGUARDED_AVAILABILITY = YES_AGGRESSIVE;
				CODE_SIGN_IDENTITY = "Apple Development";
				CODE_SIGN_STYLE = Automatic;
				COPY_PHASE_STRIP = NO;
				DEAD_CODE_STRIPPING = YES;
				DEBUG_INFORMATION_FORMAT = dwarf;
				DEFINES_MODULE = YES;
				EXECUTABLE_PREFIX = lib;
				GCC_C_LANGUAGE_STANDARD = gnu11;
				GCC_DYNAMIC_NO_PIC = NO;
				GCC_PREPROCESSOR_DEFINITIONS = (
					"DEBUG=1",
					"$(inherited)",
				);
				GCC_WARN_ABOUT_RETURN_TYPE = YES_ERROR;
				GCC_WARN_UNINITIALIZED_AUTOS = YES_AGGRESSIVE;
				HEADER_SEARCH_PATHS = $SRCROOT/Sources/CSAuthSampleCommon/include;
				MTL_ENABLE_DEBUG_INFO = INCLUDE_SOURCE;
				PRODUCT_MODULE_NAME = CSAuthSampleApp;
				PRODUCT_NAME = CSAuthSampleApp;
				SDKROOT = macosx;
				SKIP_INSTALL = YES;
				SWIFT_INCLUDE_PATHS = $SRCROOT/Sources/Common;
				SWIFT_VERSION = 5.0;
				USER_HEADER_SEARCH_PATHS = (
					$TARGET_BUILD_DIR/include/CSAuthSampleHelper,
					$SRCROOT/ObjCHelper/Internal,
				);
			};
			name = Debug;
		};
		2835DB6020E13D720006B59B /* Release */ = {
			isa = XCBuildConfiguration;
			buildSettings = {
				ALWAYS_SEARCH_USER_PATHS = NO;
				CLANG_ANALYZER_NONNULL = YES;
				CLANG_ANALYZER_NUMBER_OBJECT_CONVERSION = YES_AGGRESSIVE;
				CLANG_CXX_LANGUAGE_STANDARD = "gnu++14";
				CLANG_CXX_LIBRARY = "libc++";
				CLANG_ENABLE_MODULES = YES;
				CLANG_ENABLE_OBJC_ARC = YES;
				CLANG_ENABLE_OBJC_WEAK = YES;
				CLANG_WARN_DIRECT_OBJC_ISA_USAGE = YES_ERROR;
				CLANG_WARN_DOCUMENTATION_COMMENTS = YES;
				CLANG_WARN_OBJC_ROOT_CLASS = YES_ERROR;
				CLANG_WARN_UNGUARDED_AVAILABILITY = YES_AGGRESSIVE;
				CODE_SIGN_IDENTITY = "Apple Development";
				CODE_SIGN_STYLE = Automatic;
				COPY_PHASE_STRIP = NO;
				DEAD_CODE_STRIPPING = YES;
				DEBUG_INFORMATION_FORMAT = "dwarf-with-dsym";
				DEFINES_MODULE = YES;
				ENABLE_NS_ASSERTIONS = NO;
				EXECUTABLE_PREFIX = lib;
				GCC_C_LANGUAGE_STANDARD = gnu11;
				GCC_WARN_ABOUT_RETURN_TYPE = YES_ERROR;
				GCC_WARN_UNINITIALIZED_AUTOS = YES_AGGRESSIVE;
				HEADER_SEARCH_PATHS = $SRCROOT/Sources/CSAuthSampleCommon/include;
				MTL_ENABLE_DEBUG_INFO = NO;
				PRODUCT_MODULE_NAME = CSAuthSampleApp;
				PRODUCT_NAME = CSAuthSampleApp;
				SDKROOT = macosx;
				SKIP_INSTALL = YES;
				SWIFT_INCLUDE_PATHS = $SRCROOT/Sources/Common;
				SWIFT_VERSION = 5.0;
				USER_HEADER_SEARCH_PATHS = (
					$TARGET_BUILD_DIR/include/CSAuthSampleHelper,
					$SRCROOT/ObjCHelper/Internal,
				);
			};
			name = Release;
		};
		2835DB8D20E13DD30006B59B /* Debug */ = {
			isa = XCBuildConfiguration;
			buildSettings = {
				ALWAYS_SEARCH_USER_PATHS = NO;
				CLANG_ANALYZER_NONNULL = YES;
				CLANG_ANALYZER_NUMBER_OBJECT_CONVERSION = YES_AGGRESSIVE;
				CLANG_CXX_LANGUAGE_STANDARD = "gnu++14";
				CLANG_CXX_LIBRARY = "libc++";
				CLANG_ENABLE_MODULES = YES;
				CLANG_ENABLE_OBJC_ARC = YES;
				CLANG_ENABLE_OBJC_WEAK = YES;
				CLANG_WARN_DIRECT_OBJC_ISA_USAGE = YES_ERROR;
				CLANG_WARN_DOCUMENTATION_COMMENTS = YES;
				CLANG_WARN_OBJC_ROOT_CLASS = YES_ERROR;
				CLANG_WARN_UNGUARDED_AVAILABILITY = YES_AGGRESSIVE;
				CODE_SIGN_IDENTITY = "-";
				CODE_SIGN_STYLE = Automatic;
				COPY_PHASE_STRIP = NO;
				DEAD_CODE_STRIPPING = YES;
				DEBUG_INFORMATION_FORMAT = dwarf;
				DEFINES_MODULE = YES;
				EXECUTABLE_PREFIX = lib;
				GCC_C_LANGUAGE_STANDARD = gnu11;
				GCC_DYNAMIC_NO_PIC = NO;
				GCC_PREPROCESSOR_DEFINITIONS = (
					"DEBUG=1",
					"$(inherited)",
				);
				GCC_WARN_ABOUT_RETURN_TYPE = YES_ERROR;
				GCC_WARN_UNINITIALIZED_AUTOS = YES_AGGRESSIVE;
				HEADER_SEARCH_PATHS = (
					$SRCROOT/Sources/CSAuthSampleCommon/include,
					$SRCROOT/Sources/CSAuthSampleHelper/include,
				);
				MODULEMAP_FILE = $SRCROOT/Sources/CSAuthSampleHelper/include/module.modulemap;
				MTL_ENABLE_DEBUG_INFO = INCLUDE_SOURCE;
				PRODUCT_MODULE_NAME = CSAuthSampleHelper;
				PRODUCT_NAME = CSAuthSampleHelper;
				SDKROOT = macosx;
				SKIP_INSTALL = YES;
			};
			name = Debug;
		};
		2835DB8E20E13DD30006B59B /* Release */ = {
			isa = XCBuildConfiguration;
			buildSettings = {
				ALWAYS_SEARCH_USER_PATHS = NO;
				CLANG_ANALYZER_NONNULL = YES;
				CLANG_ANALYZER_NUMBER_OBJECT_CONVERSION = YES_AGGRESSIVE;
				CLANG_CXX_LANGUAGE_STANDARD = "gnu++14";
				CLANG_CXX_LIBRARY = "libc++";
				CLANG_ENABLE_MODULES = YES;
				CLANG_ENABLE_OBJC_ARC = YES;
				CLANG_ENABLE_OBJC_WEAK = YES;
				CLANG_WARN_DIRECT_OBJC_ISA_USAGE = YES_ERROR;
				CLANG_WARN_DOCUMENTATION_COMMENTS = YES;
				CLANG_WARN_OBJC_ROOT_CLASS = YES_ERROR;
				CLANG_WARN_UNGUARDED_AVAILABILITY = YES_AGGRESSIVE;
				CODE_SIGN_IDENTITY = "-";
				CODE_SIGN_STYLE = Automatic;
				COPY_PHASE_STRIP = NO;
				DEAD_CODE_STRIPPING = YES;
				DEBUG_INFORMATION_FORMAT = "dwarf-with-dsym";
				DEFINES_MODULE = YES;
				ENABLE_NS_ASSERTIONS = NO;
				EXECUTABLE_PREFIX = lib;
				GCC_C_LANGUAGE_STANDARD = gnu11;
				GCC_WARN_ABOUT_RETURN_TYPE = YES_ERROR;
				GCC_WARN_UNINITIALIZED_AUTOS = YES_AGGRESSIVE;
				HEADER_SEARCH_PATHS = (
					$SRCROOT/Sources/CSAuthSampleCommon/include,
					$SRCROOT/Sources/CSAuthSampleHelper/include,
				);
				MODULEMAP_FILE = $SRCROOT/Sources/CSAuthSampleHelper/include/module.modulemap;
				MTL_ENABLE_DEBUG_INFO = NO;
				PRODUCT_MODULE_NAME = CSAuthSampleHelper;
				PRODUCT_NAME = CSAuthSampleHelper;
				SDKROOT = macosx;
				SKIP_INSTALL = YES;
			};
			name = Release;
		};
		C01FCF4F08A954540054247B /* Debug */ = {
			isa = XCBuildConfiguration;
			buildSettings = {
				CLANG_ANALYZER_LOCALIZABILITY_NONLOCALIZED = YES;
				CLANG_WARN_BLOCK_CAPTURE_AUTORELEASING = YES;
				CLANG_WARN_BOOL_CONVERSION = YES;
				CLANG_WARN_COMMA = YES;
				CLANG_WARN_CONSTANT_CONVERSION = YES;
				CLANG_WARN_DEPRECATED_OBJC_IMPLEMENTATIONS = YES;
				CLANG_WARN_EMPTY_BODY = YES;
				CLANG_WARN_ENUM_CONVERSION = YES;
				CLANG_WARN_INFINITE_RECURSION = YES;
				CLANG_WARN_INT_CONVERSION = YES;
				CLANG_WARN_NON_LITERAL_NULL_CONVERSION = YES;
				CLANG_WARN_OBJC_IMPLICIT_RETAIN_SELF = YES;
				CLANG_WARN_OBJC_LITERAL_CONVERSION = YES;
				CLANG_WARN_QUOTED_INCLUDE_IN_FRAMEWORK_HEADER = YES;
				CLANG_WARN_RANGE_LOOP_ANALYSIS = YES;
				CLANG_WARN_STRICT_PROTOTYPES = YES;
				CLANG_WARN_SUSPICIOUS_MOVE = YES;
				CLANG_WARN_UNREACHABLE_CODE = YES;
				CLANG_WARN__DUPLICATE_METHOD_MATCH = YES;
				CODE_SIGN_IDENTITY = "Mac Developer";
				DEAD_CODE_STRIPPING = YES;
				ENABLE_STRICT_OBJC_MSGSEND = YES;
				ENABLE_TESTABILITY = YES;
				GCC_C_LANGUAGE_STANDARD = gnu99;
				GCC_NO_COMMON_BLOCKS = YES;
				GCC_OPTIMIZATION_LEVEL = 0;
				GCC_WARN_64_TO_32_BIT_CONVERSION = YES;
				GCC_WARN_ABOUT_RETURN_TYPE = YES;
				GCC_WARN_UNDECLARED_SELECTOR = YES;
				GCC_WARN_UNINITIALIZED_AUTOS = YES;
				GCC_WARN_UNUSED_FUNCTION = YES;
				GCC_WARN_UNUSED_VARIABLE = YES;
				MACOSX_DEPLOYMENT_TARGET = 10.9;
				ONLY_ACTIVE_ARCH = YES;
				PROVISIONING_PROFILE = "";
				SKIP_INSTALL = YES;
				SWIFT_COMPILATION_MODE = singlefile;
				SWIFT_OPTIMIZATION_LEVEL = "-Onone";
				SWIFT_VERSION = 4.2;
				WARNING_CFLAGS = (
					"-Weverything",
					"-Werror",
					"-Wno-objc-missing-property-synthesis",
					"-Wno-pedantic",
					"-Wno-documentation",
					"-Wno-direct-ivar-access",
					"-Wno-assign-enum",
					"-Wno-cast-qual",
				);
			};
			name = Debug;
		};
		C01FCF5008A954540054247B /* Release */ = {
			isa = XCBuildConfiguration;
			buildSettings = {
				CLANG_ANALYZER_LOCALIZABILITY_NONLOCALIZED = YES;
				CLANG_WARN_BLOCK_CAPTURE_AUTORELEASING = YES;
				CLANG_WARN_BOOL_CONVERSION = YES;
				CLANG_WARN_COMMA = YES;
				CLANG_WARN_CONSTANT_CONVERSION = YES;
				CLANG_WARN_DEPRECATED_OBJC_IMPLEMENTATIONS = YES;
				CLANG_WARN_EMPTY_BODY = YES;
				CLANG_WARN_ENUM_CONVERSION = YES;
				CLANG_WARN_INFINITE_RECURSION = YES;
				CLANG_WARN_INT_CONVERSION = YES;
				CLANG_WARN_NON_LITERAL_NULL_CONVERSION = YES;
				CLANG_WARN_OBJC_IMPLICIT_RETAIN_SELF = YES;
				CLANG_WARN_OBJC_LITERAL_CONVERSION = YES;
				CLANG_WARN_QUOTED_INCLUDE_IN_FRAMEWORK_HEADER = YES;
				CLANG_WARN_RANGE_LOOP_ANALYSIS = YES;
				CLANG_WARN_STRICT_PROTOTYPES = YES;
				CLANG_WARN_SUSPICIOUS_MOVE = YES;
				CLANG_WARN_UNREACHABLE_CODE = YES;
				CLANG_WARN__DUPLICATE_METHOD_MATCH = YES;
				CODE_SIGN_IDENTITY = "Mac Developer";
				DEAD_CODE_STRIPPING = YES;
				ENABLE_STRICT_OBJC_MSGSEND = YES;
				GCC_C_LANGUAGE_STANDARD = gnu99;
				GCC_NO_COMMON_BLOCKS = YES;
				GCC_WARN_64_TO_32_BIT_CONVERSION = YES;
				GCC_WARN_ABOUT_RETURN_TYPE = YES;
				GCC_WARN_UNDECLARED_SELECTOR = YES;
				GCC_WARN_UNINITIALIZED_AUTOS = YES;
				GCC_WARN_UNUSED_FUNCTION = YES;
				GCC_WARN_UNUSED_VARIABLE = YES;
				MACOSX_DEPLOYMENT_TARGET = 10.9;
				PROVISIONING_PROFILE = "";
				SKIP_INSTALL = YES;
				SWIFT_COMPILATION_MODE = wholemodule;
				SWIFT_OPTIMIZATION_LEVEL = "-O";
				SWIFT_VERSION = 4.2;
				WARNING_CFLAGS = (
					"-Weverything",
					"-Werror",
					"-Wno-objc-missing-property-synthesis",
					"-Wno-pedantic",
					"-Wno-documentation",
					"-Wno-direct-ivar-access",
					"-Wno-assign-enum",
					"-Wno-cast-qual",
				);
			};
			name = Release;
		};
/* End XCBuildConfiguration section */

/* Begin XCConfigurationList section */
		2835DB5E20E13D720006B59B /* Build configuration list for PBXNativeTarget "App Library" */ = {
			isa = XCConfigurationList;
			buildConfigurations = (
				2835DB5F20E13D720006B59B /* Debug */,
				2835DB6020E13D720006B59B /* Release */,
			);
			defaultConfigurationIsVisible = 0;
			defaultConfigurationName = Release;
		};
		2835DB8C20E13DD30006B59B /* Build configuration list for PBXNativeTarget "Helper Library" */ = {
			isa = XCConfigurationList;
			buildConfigurations = (
				2835DB8D20E13DD30006B59B /* Debug */,
				2835DB8E20E13DD30006B59B /* Release */,
			);
			defaultConfigurationIsVisible = 0;
			defaultConfigurationName = Release;
		};
		C01FCF4E08A954540054247B /* Build configuration list for PBXProject "CSAuthSample" */ = {
			isa = XCConfigurationList;
			buildConfigurations = (
				C01FCF4F08A954540054247B /* Debug */,
				C01FCF5008A954540054247B /* Release */,
			);
			defaultConfigurationIsVisible = 0;
			defaultConfigurationName = Release;
		};
/* End XCConfigurationList section */
	};
	rootObject = 29B97313FDCFA39411CA2CEA /* Project object */;
}
