{
  "object": {
    "pins": [
      {
        "package": "SwiftyXPC",
        "repositoryURL": "https://github.com/CharlesJS/SwiftyXPC.git",
        "state": {
          "branch": null,
          "revision": "005de83ffc48f285ee3e53cc3a69516f99b02b58",
          "version": "0.2.4"
        }
      }
    ]
  },
  "version": 1
}
