{
  "object": {
    "pins": [
      {
        "package": "SwiftyXPC",
        "repositoryURL": "https://github.com/CharlesJS/SwiftyXPC.git",
        "state": {
          "branch": null,
          "revision": "9ed1f3426e5532df66c69cdc1e4afef180db697a",
          "version": "0.2.8"
        }
      }
    ]
  },
  "version": 1
}
