{
  "object": {
    "pins": [
      {
        "package": "CSCoreFoundation",
        "repositoryURL": "https://github.com/CharlesJS/CSCoreFoundation.git",
        "state": {
          "branch": null,
          "revision": "cac0cb12c976d7f3f95b2202dadbc09a5cabe8bc",
          "version": "0.2.0"
        }
      },
      {
        "package": "SwiftyXPC",
        "repositoryURL": "https://github.com/CharlesJS/SwiftyXPC.git",
        "state": {
          "branch": null,
          "revision": "6e0ea8774ba7db46a8fd87e8874a6a4d326faf9f",
          "version": "0.3.0"
        }
      }
    ]
  },
  "version": 1
}
