<?xml version="1.0" encoding="UTF-8"?>
<Scheme
   LastUpgradeVersion = "1310"
   version = "1.7">
   <BuildAction
      parallelizeBuildables = "YES"
      buildImplicitDependencies = "YES">
      <PreActions>
         <ExecutionAction
            ActionType = "Xcode.IDEStandardExecutionActionsCore.ExecutionActionType.ShellScriptAction">
            <ActionContent
               title = "Run Script"
               scriptText = "IDENTIFIERS_PATH=&quot;$SRCROOT/Common/Identifiers.swift&quot;&#10;&#10;APP_BUNDLE_ID=`echo &quot;print(Identifiers.appID)&quot; | /bin/cat &quot;$IDENTIFIERS_PATH&quot; - | swift -`&#10;&#10;TMP_ERR_LOG=&quot;/tmp/$APP_BUNDLE_ID-SetupLog.txt&quot;&#10;&#10;/bin/rm &quot;$TMP_ERR_LOG&quot;&#10;env &gt; /tmp/env.txt&#10;/bin/cat &quot;$IDENTIFIERS_PATH&quot; &quot;$SRCROOT/Common/Build Scripts/GlobalSetupScript.swift&quot; | swift - &gt; &quot;$TMP_ERR_LOG&quot; 2&gt;&amp;1&#10;&#10;">
               <EnvironmentBuildable>
                  <BuildableReference
                     BuildableIdentifier = "primary"
                     BlueprintIdentifier = "2805EA32243A55F4008BD2DC"
                     BuildableName = "Example App.app"
                     BlueprintName = "Example App"
                     ReferencedContainer = "container:CSAuthSample Example App.xcodeproj">
                  </BuildableReference>
               </EnvironmentBuildable>
            </ActionContent>
         </ExecutionAction>
      </PreActions>
      <BuildActionEntries>
         <BuildActionEntry
            buildForTesting = "YES"
            buildForRunning = "YES"
            buildForProfiling = "YES"
            buildForArchiving = "YES"
            buildForAnalyzing = "YES">
            <BuildableReference
               BuildableIdentifier = "primary"
               BlueprintIdentifier = "2805EA32243A55F4008BD2DC"
               BuildableName = "Example App.app"
               BlueprintName = "Example App"
               ReferencedContainer = "container:CSAuthSample Example App.xcodeproj">
            </BuildableReference>
         </BuildActionEntry>
      </BuildActionEntries>
   </BuildAction>
   <TestAction
      buildConfiguration = "Debug"
      selectedDebuggerIdentifier = "Xcode.DebuggerFoundation.Debugger.LLDB"
      selectedLauncherIdentifier = "Xcode.DebuggerFoundation.Launcher.LLDB"
      shouldUseLaunchSchemeArgsEnv = "YES">
      <Testables>
      </Testables>
   </TestAction>
   <LaunchAction
      buildConfiguration = "Debug"
      selectedDebuggerIdentifier = "Xcode.DebuggerFoundation.Debugger.LLDB"
      selectedLauncherIdentifier = "Xcode.DebuggerFoundation.Launcher.LLDB"
      launchStyle = "0"
      useCustomWorkingDirectory = "NO"
      ignoresPersistentStateOnLaunch = "NO"
      debugDocumentVersioning = "YES"
      debugServiceExtension = "internal"
      enableGPUValidationMode = "1"
      allowLocationSimulation = "YES">
      <BuildableProductRunnable
         runnableDebuggingMode = "0">
         <BuildableReference
            BuildableIdentifier = "primary"
            BlueprintIdentifier = "2805EA32243A55F4008BD2DC"
            BuildableName = "Example App.app"
            BlueprintName = "Example App"
            ReferencedContainer = "container:CSAuthSample Example App.xcodeproj">
         </BuildableReference>
      </BuildableProductRunnable>
   </LaunchAction>
   <ProfileAction
      buildConfiguration = "Release"
      shouldUseLaunchSchemeArgsEnv = "YES"
      savedToolIdentifier = ""
      useCustomWorkingDirectory = "NO"
      debugDocumentVersioning = "YES">
      <BuildableProductRunnable
         runnableDebuggingMode = "0">
         <BuildableReference
            BuildableIdentifier = "primary"
            BlueprintIdentifier = "2805EA32243A55F4008BD2DC"
            BuildableName = "Example App.app"
            BlueprintName = "Example App"
            ReferencedContainer = "container:CSAuthSample Example App.xcodeproj">
         </BuildableReference>
      </BuildableProductRunnable>
   </ProfileAction>
   <AnalyzeAction
      buildConfiguration = "Debug">
   </AnalyzeAction>
   <ArchiveAction
      buildConfiguration = "Release"
      revealArchiveInOrganizer = "YES">
   </ArchiveAction>
</Scheme>
